
Microsoft Visual Studio Solution File, Format Version 12.00
# Visual Studio Version 16
VisualStudioVersion = 16.0.30907.101
MinimumVisualStudioVersion = 10.0.40219.1
Project("{FAE04EC0-301F-11D3-BF4B-00C04F79EFBC}") = "YunoArc", "YunoArc\YunoArc.csproj", "{88EC7648-B3F8-4BDD-A0F5-D42FBF3CEC0A}"
EndProject
Global
	GlobalSection(SolutionConfigurationPlatforms) = preSolution
		Debug|Any CPU = Debug|Any CPU
		Release|Any CPU = Release|Any CPU
	EndGlobalSection
	GlobalSection(ProjectConfigurationPlatforms) = postSolution
		{88EC7648-B3F8-4BDD-A0F5-D42FBF3CEC0A}.Debug|Any CPU.ActiveCfg = Debug|Any CPU
		{88EC7648-B3F8-4BDD-A0F5-D42FBF3CEC0A}.Debug|Any CPU.Build.0 = Debug|Any CPU
		{88EC7648-B3F8-4BDD-A0F5-D42FBF3CEC0A}.Release|Any CPU.ActiveCfg = Release|Any CPU
		{88EC7648-B3F8-4BDD-A0F5-D42FBF3CEC0A}.Release|Any CPU.Build.0 = Release|Any CPU
	EndGlobalSection
	GlobalSection(SolutionProperties) = preSolution
		HideSolutionNode = FALSE
	EndGlobalSection
	GlobalSection(ExtensibilityGlobals) = postSolution
		SolutionGuid = {5799DF54-F00D-49A0-B92A-8F6F52A61CC1}
	EndGlobalSection
EndGlobal
